
Microsoft Visual Studio Solution File, Format Version 12.00
# Visual Studio Version 17
VisualStudioVersion = 17.11.35327.3
MinimumVisualStudioVersion = 10.0.40219.1
Project("{9A19103F-16F7-4668-BE54-9A1E7A4F7556}") = "webapi", "webapi\webapi.csproj", "{187C7AA1-0CDD-4F42-842E-38BD56700BCF}"
EndProject
Project("{9A19103F-16F7-4668-BE54-9A1E7A4F7556}") = "Core", "Core\Core.csproj", "{FB5E54A1-8607-483B-87FA-0C97CBF874F6}"
EndProject
Project("{9A19103F-16F7-4668-BE54-9A1E7A4F7556}") = "Infrastructure", "Infrastructure\Infrastructure.csproj", "{834353BB-6D4B-4BD2-AF3F-F0B744767D2A}"
EndProject
Project("{9A19103F-16F7-4668-BE54-9A1E7A4F7556}") = "Tests", "Tests\Tests.csproj", "{574A7B4A-3315-44AC-99D1-10F76DB439FF}"
EndProject
Project("{2150E333-8FDC-42A3-9474-1A3956D46DE8}") = "Itens de Solução", "Itens de Solução", "{C4B9D564-B62D-429B-AC65-46E3A1AFE3B4}"
	ProjectSection(SolutionItems) = preProject
		Dockerfile.txt = Dockerfile.txt
	EndProjectSection
EndProject
Global
	GlobalSection(SolutionConfigurationPlatforms) = preSolution
		Debug|Any CPU = Debug|Any CPU
		Release|Any CPU = Release|Any CPU
	EndGlobalSection
	GlobalSection(ProjectConfigurationPlatforms) = postSolution
		{187C7AA1-0CDD-4F42-842E-38BD56700BCF}.Debug|Any CPU.ActiveCfg = Debug|Any CPU
		{187C7AA1-0CDD-4F42-842E-38BD56700BCF}.Debug|Any CPU.Build.0 = Debug|Any CPU
		{187C7AA1-0CDD-4F42-842E-38BD56700BCF}.Release|Any CPU.ActiveCfg = Release|Any CPU
		{187C7AA1-0CDD-4F42-842E-38BD56700BCF}.Release|Any CPU.Build.0 = Release|Any CPU
		{FB5E54A1-8607-483B-87FA-0C97CBF874F6}.Debug|Any CPU.ActiveCfg = Debug|Any CPU
		{FB5E54A1-8607-483B-87FA-0C97CBF874F6}.Debug|Any CPU.Build.0 = Debug|Any CPU
		{FB5E54A1-8607-483B-87FA-0C97CBF874F6}.Release|Any CPU.ActiveCfg = Release|Any CPU
		{FB5E54A1-8607-483B-87FA-0C97CBF874F6}.Release|Any CPU.Build.0 = Release|Any CPU
		{834353BB-6D4B-4BD2-AF3F-F0B744767D2A}.Debug|Any CPU.ActiveCfg = Debug|Any CPU
		{834353BB-6D4B-4BD2-AF3F-F0B744767D2A}.Debug|Any CPU.Build.0 = Debug|Any CPU
		{834353BB-6D4B-4BD2-AF3F-F0B744767D2A}.Release|Any CPU.ActiveCfg = Release|Any CPU
		{834353BB-6D4B-4BD2-AF3F-F0B744767D2A}.Release|Any CPU.Build.0 = Release|Any CPU
		{574A7B4A-3315-44AC-99D1-10F76DB439FF}.Debug|Any CPU.ActiveCfg = Debug|Any CPU
		{574A7B4A-3315-44AC-99D1-10F76DB439FF}.Debug|Any CPU.Build.0 = Debug|Any CPU
		{574A7B4A-3315-44AC-99D1-10F76DB439FF}.Release|Any CPU.ActiveCfg = Release|Any CPU
		{574A7B4A-3315-44AC-99D1-10F76DB439FF}.Release|Any CPU.Build.0 = Release|Any CPU
	EndGlobalSection
	GlobalSection(SolutionProperties) = preSolution
		HideSolutionNode = FALSE
	EndGlobalSection
	GlobalSection(ExtensibilityGlobals) = postSolution
		SolutionGuid = {D7AEF8EB-6237-49C9-9855-9279C672BFAD}
	EndGlobalSection
EndGlobal
